PODS:
  - AFNetworking (2.1.0):
    - AFNetworking/NSURLConnection
    - AFNetworking/NSURLSession
    - AFNetworking/Reachability
    - AFNetworking/Security
    - AFNetworking/Serialization
    - AFNetworking/UIKit
  - AFNetworking/NSURLConnection (2.1.0):
    - AFNetworking/Reachability
    - AFNetworking/Security
    - AFNetworking/Serialization
  - AFNetworking/NSURLSession (2.1.0):
    - AFNetworking/NSURLConnection
  - AFNetworking/Reachability (2.1.0)
  - AFNetworking/Security (2.1.0)
  - AFNetworking/Serialization (2.1.0)
  - AFNetworking/UIKit (2.1.0):
    - AFNetworking/NSURLConnection
  - CSStickyHeaderFlowLayout (0.2.3)
  - FLEX (1.1.0)
  - GPUImage (0.1.5)
  - libPhoneNumber-iOS (0.7.1)
  - NSDate+TimeAgo (1.0.2)
  - NYXImagesKit (2.3)
  - SDWebImage (3.7.1):
    - SDWebImage/Core
  - SDWebImage/Core (3.7.1)
  - SSKeychain (1.2.2)
  - TestFlightSDK (3.0.0)
  - TTTAttributedLabel (1.9.5)

DEPENDENCIES:
  - AFNetworking
  - CSStickyHeaderFlowLayout
  - FLEX
  - GPUImage
  - libPhoneNumber-iOS
  - NSDate+TimeAgo
  - NYXImagesKit
  - SDWebImage
  - SSKeychain
  - TestFlightSDK (= 3.0.0)
  - TTTAttributedLabel

SPEC CHECKSUMS:
  AFNetworking: 7c33510b46f994bc75b75c6e63c1d83414ca40f2
  CSStickyHeaderFlowLayout: c5595da1cf91cce22aca70c44ab80b59247c723c
  FLEX: fa5e81b7b25ba64afe4fad14deb27d4b95efd75e
  GPUImage: 5114a47f5fc33eb312f3731550a3cea379416d04
  libPhoneNumber-iOS: a9ce7eaee294cd81beb5c3eb0e5b9f7a045007a1
  NSDate+TimeAgo: c01d6ac0b81add41f77f264fa4276d355723fcde
  NYXImagesKit: 1c9f228ae78fab475d267b3b3a1308e0fba11731
  SDWebImage: 116e88633b5b416ea0ca4b334a4ac59cf72dd38d
  SSKeychain: cc48bd3ad24fcd9125adb9e0d23dd50b8bbd08b9
  TestFlightSDK: 36b8a207c5a119a3144aa2e6d24973eb9d5e0d0a
  TTTAttributedLabel: 9f727215d63a358f92317a24c83c94c72de78e80

COCOAPODS: 0.34.4
