// !$*UTF8*$!
{
	archiveVersion = 1;
	classes = {
	};
	objectVersion = 46;
	objects = {

/* Begin PBXBuildFile section */
		2D00148B18CFB57C0070DE16 /* TDTwoButtonView.m in Sources */ = {isa = PBXBuildFile; fileRef = 2D00148918CFB57C0070DE16 /* TDTwoButtonView.m */; };
		2D1AEE7018C937560055C315 /* TDDetailsLikesCell.m in Sources */ = {isa = PBXBuildFile; fileRef = 2D1AEE6E18C937560055C315 /* TDDetailsLikesCell.m */; };
		2D1AEE7118C937560055C315 /* TDDetailsLikesCell.xib in Resources */ = {isa = PBXBuildFile; fileRef = 2D1AEE6F18C937560055C315 /* TDDetailsLikesCell.xib */; };
		2D2E832E18CA579B00846B2E /* TDComment.m in Sources */ = {isa = PBXBuildFile; fileRef = 2D2E832D18CA579B00846B2E /* TDComment.m */; };
		2D3F8DF718CFC81E00333F0B /* TDTwoButtonView.xib in Resources */ = {isa = PBXBuildFile; fileRef = 2D3F8DF618CFC81E00333F0B /* TDTwoButtonView.xib */; };
		2D5714CC18BD9AB300AF0B4D /* VideoButtonSegue.m in Sources */ = {isa = PBXBuildFile; fileRef = 2D5714C918BD9AB300AF0B4D /* VideoButtonSegue.m */; };
		2D5714CD18BD9AB300AF0B4D /* VideoCloseSegue.m in Sources */ = {isa = PBXBuildFile; fileRef = 2D5714CB18BD9AB300AF0B4D /* VideoCloseSegue.m */; };
		2D648A1618C9415D002FE0AD /* TDDetailsCommentsCell.m in Sources */ = {isa = PBXBuildFile; fileRef = 2D648A1418C9415D002FE0AD /* TDDetailsCommentsCell.m */; };
		2D648A1718C9415D002FE0AD /* TDDetailsCommentsCell.xib in Resources */ = {isa = PBXBuildFile; fileRef = 2D648A1518C9415D002FE0AD /* TDDetailsCommentsCell.xib */; };
		2DA39FD618E0B2570004A9C7 /* TDMoreComments.m in Sources */ = {isa = PBXBuildFile; fileRef = 2DA39FD418E0B2570004A9C7 /* TDMoreComments.m */; };
		2DA39FD718E0B2570004A9C7 /* TDMoreComments.xib in Resources */ = {isa = PBXBuildFile; fileRef = 2DA39FD518E0B2570004A9C7 /* TDMoreComments.xib */; };
		2DA41A5618C7D89C00B21C74 /* TDDetailViewController.m in Sources */ = {isa = PBXBuildFile; fileRef = 2DA41A5418C7D89C00B21C74 /* TDDetailViewController.m */; };
		2DA41A5718C7D89C00B21C74 /* TDDetailViewController.xib in Resources */ = {isa = PBXBuildFile; fileRef = 2DA41A5518C7D89C00B21C74 /* TDDetailViewController.xib */; };
		2DA41A5A18C7E31000B21C74 /* TDTypingView.m in Sources */ = {isa = PBXBuildFile; fileRef = 2DA41A5918C7E31000B21C74 /* TDTypingView.m */; };
		2DA41A6018C7E49D00B21C74 /* HPGrowingTextView.m in Sources */ = {isa = PBXBuildFile; fileRef = 2DA41A5D18C7E49D00B21C74 /* HPGrowingTextView.m */; };
		2DA41A6118C7E49D00B21C74 /* HPTextViewInternal.m in Sources */ = {isa = PBXBuildFile; fileRef = 2DA41A5F18C7E49D00B21C74 /* HPTextViewInternal.m */; };
		2DA5F05118D36745003D2F99 /* ProximaNova-Bold.otf in Resources */ = {isa = PBXBuildFile; fileRef = 2DA5F04D18D36745003D2F99 /* ProximaNova-Bold.otf */; };
		2DA5F05218D36745003D2F99 /* ProximaNova-Light.otf in Resources */ = {isa = PBXBuildFile; fileRef = 2DA5F04E18D36745003D2F99 /* ProximaNova-Light.otf */; };
		2DA5F05318D36745003D2F99 /* ProximaNova-Regular.otf in Resources */ = {isa = PBXBuildFile; fileRef = 2DA5F04F18D36745003D2F99 /* ProximaNova-Regular.otf */; };
		2DA5F05418D36745003D2F99 /* ProximaNova-Semibold.otf in Resources */ = {isa = PBXBuildFile; fileRef = 2DA5F05018D36745003D2F99 /* ProximaNova-Semibold.otf */; };
		2DA5F05A18D37C70003D2F99 /* BebasNeue Bold.otf in Resources */ = {isa = PBXBuildFile; fileRef = 2DA5F05518D37C70003D2F99 /* BebasNeue Bold.otf */; };
		2DA5F05B18D37C70003D2F99 /* BebasNeue Book.otf in Resources */ = {isa = PBXBuildFile; fileRef = 2DA5F05618D37C70003D2F99 /* BebasNeue Book.otf */; };
		2DA5F05C18D37C70003D2F99 /* BebasNeue Light.otf in Resources */ = {isa = PBXBuildFile; fileRef = 2DA5F05718D37C70003D2F99 /* BebasNeue Light.otf */; };
		2DA5F05D18D37C70003D2F99 /* BebasNeue Regular.otf in Resources */ = {isa = PBXBuildFile; fileRef = 2DA5F05818D37C70003D2F99 /* BebasNeue Regular.otf */; };
		2DA5F05E18D37C70003D2F99 /* BebasNeue Thin.otf in Resources */ = {isa = PBXBuildFile; fileRef = 2DA5F05918D37C70003D2F99 /* BebasNeue Thin.otf */; };
		2DA73D7718BFCC2E00D87370 /* TDLikeView.m in Sources */ = {isa = PBXBuildFile; fileRef = 2DA73D7618BFCC2E00D87370 /* TDLikeView.m */; };
		2DA73D7918BFCCD000D87370 /* TDLikeView.xib in Resources */ = {isa = PBXBuildFile; fileRef = 2DA73D7818BFCCD000D87370 /* TDLikeView.xib */; };
		2DBA430118DA455500366737 /* TDTextField.m in Sources */ = {isa = PBXBuildFile; fileRef = 2DBA42FF18DA455500366737 /* TDTextField.m */; };
		2DBA430218DA455500366737 /* TDTextField.xib in Resources */ = {isa = PBXBuildFile; fileRef = 2DBA430018DA455500366737 /* TDTextField.xib */; };
		579149E08F7B4EE789901248 /* libPods.a in Frameworks */ = {isa = PBXBuildFile; fileRef = E657ABE418B84EA68554F855 /* libPods.a */; };
		A11999D618D90D5200C39ABF /* TDShareVideoViewController.m in Sources */ = {isa = PBXBuildFile; fileRef = A11999D518D90D5200C39ABF /* TDShareVideoViewController.m */; };
		A11999DA18D929E200C39ABF /* UIPlaceHolderTextView.m in Sources */ = {isa = PBXBuildFile; fileRef = A11999D918D929E200C39ABF /* UIPlaceHolderTextView.m */; };
		A11999DD18DC0D4200C39ABF /* TDFileSystemHelper.m in Sources */ = {isa = PBXBuildFile; fileRef = A11999DC18DC0D4200C39ABF /* TDFileSystemHelper.m */; };
		A11E04DC1888CB79002F981A /* Foundation.framework in Frameworks */ = {isa = PBXBuildFile; fileRef = A11E04DB1888CB79002F981A /* Foundation.framework */; };
		A11E04DE1888CB79002F981A /* CoreGraphics.framework in Frameworks */ = {isa = PBXBuildFile; fileRef = A11E04DD1888CB79002F981A /* CoreGraphics.framework */; };
		A11E04E01888CB79002F981A /* UIKit.framework in Frameworks */ = {isa = PBXBuildFile; fileRef = A11E04DF1888CB79002F981A /* UIKit.framework */; };
		A11E04E61888CB79002F981A /* InfoPlist.strings in Resources */ = {isa = PBXBuildFile; fileRef = A11E04E41888CB79002F981A /* InfoPlist.strings */; };
		A11E04E81888CB79002F981A /* main.m in Sources */ = {isa = PBXBuildFile; fileRef = A11E04E71888CB79002F981A /* main.m */; };
		A11E04EC1888CB79002F981A /* TDAppDelegate.m in Sources */ = {isa = PBXBuildFile; fileRef = A11E04EB1888CB79002F981A /* TDAppDelegate.m */; };
		A11E04EF1888CB79002F981A /* Main.storyboard in Resources */ = {isa = PBXBuildFile; fileRef = A11E04ED1888CB79002F981A /* Main.storyboard */; };
		A11E04F21888CB79002F981A /* TDRecordVideoViewController.m in Sources */ = {isa = PBXBuildFile; fileRef = A11E04F11888CB79002F981A /* TDRecordVideoViewController.m */; };
		A11E04F41888CB79002F981A /* Images.xcassets in Resources */ = {isa = PBXBuildFile; fileRef = A11E04F31888CB79002F981A /* Images.xcassets */; };
		A11E04FB1888CB79002F981A /* XCTest.framework in Frameworks */ = {isa = PBXBuildFile; fileRef = A11E04FA1888CB79002F981A /* XCTest.framework */; };
		A11E04FC1888CB79002F981A /* Foundation.framework in Frameworks */ = {isa = PBXBuildFile; fileRef = A11E04DB1888CB79002F981A /* Foundation.framework */; };
		A11E04FD1888CB79002F981A /* UIKit.framework in Frameworks */ = {isa = PBXBuildFile; fileRef = A11E04DF1888CB79002F981A /* UIKit.framework */; };
		A11E05051888CB79002F981A /* InfoPlist.strings in Resources */ = {isa = PBXBuildFile; fileRef = A11E05031888CB79002F981A /* InfoPlist.strings */; };
		A11E05071888CB79002F981A /* ThrowdownTests.m in Sources */ = {isa = PBXBuildFile; fileRef = A11E05061888CB79002F981A /* ThrowdownTests.m */; };
		A11E05121889293C002F981A /* AssetsLibrary.framework in Frameworks */ = {isa = PBXBuildFile; fileRef = A11E05111889293C002F981A /* AssetsLibrary.framework */; };
		A1432CE118A99D750073E492 /* TDWelcomeViewController.m in Sources */ = {isa = PBXBuildFile; fileRef = A1432CE018A99D750073E492 /* TDWelcomeViewController.m */; };
		A1432CE418A99DA40073E492 /* TDSignupStepOneViewController.m in Sources */ = {isa = PBXBuildFile; fileRef = A1432CE318A99DA40073E492 /* TDSignupStepOneViewController.m */; };
		A1432CE718A99DB30073E492 /* TDLoginViewController.m in Sources */ = {isa = PBXBuildFile; fileRef = A1432CE618A99DB30073E492 /* TDLoginViewController.m */; };
		A1432D2018AA02990073E492 /* TDViewControllerHelper.m in Sources */ = {isa = PBXBuildFile; fileRef = A1432D1F18AA02990073E492 /* TDViewControllerHelper.m */; };
		A14B2B7F18B5308000980A31 /* TDAPIClient.m in Sources */ = {isa = PBXBuildFile; fileRef = A14B2B7E18B5308000980A31 /* TDAPIClient.m */; };
		A14B2B8818B8351E00980A31 /* TDCurrentUser.m in Sources */ = {isa = PBXBuildFile; fileRef = A14B2B8718B8351E00980A31 /* TDCurrentUser.m */; };
		A150F08A18A31B14009A72AD /* TDConstants.m in Sources */ = {isa = PBXBuildFile; fileRef = A150F08918A31B14009A72AD /* TDConstants.m */; };
		A151958B18BAE8FD0050A45B /* TDUser.m in Sources */ = {isa = PBXBuildFile; fileRef = A151958A18BAE8FD0050A45B /* TDUser.m */; };
		A17567901891C7F20034AD05 /* TDPostAPI.m in Sources */ = {isa = PBXBuildFile; fileRef = A175678F1891C7F20034AD05 /* TDPostAPI.m */; };
		A180D4DF18C14EA7003B9378 /* TDNavigationController.m in Sources */ = {isa = PBXBuildFile; fileRef = A180D4DE18C14EA7003B9378 /* TDNavigationController.m */; };
		A180D4E518C33D26003B9378 /* TDUnwindSlideLeftSegue.m in Sources */ = {isa = PBXBuildFile; fileRef = A180D4E418C33D26003B9378 /* TDUnwindSlideLeftSegue.m */; };
		A182D8261889E8D900F794A5 /* TDEditVideoViewController.m in Sources */ = {isa = PBXBuildFile; fileRef = A182D8251889E8D900F794A5 /* TDEditVideoViewController.m */; };
		A182D830188B60CD00F794A5 /* SAResizibleBubble.m in Sources */ = {isa = PBXBuildFile; fileRef = A182D829188B60CD00F794A5 /* SAResizibleBubble.m */; };
		A182D831188B60CD00F794A5 /* SASliderLeft.m in Sources */ = {isa = PBXBuildFile; fileRef = A182D82B188B60CD00F794A5 /* SASliderLeft.m */; };
		A182D832188B60CD00F794A5 /* SASliderRight.m in Sources */ = {isa = PBXBuildFile; fileRef = A182D82D188B60CD00F794A5 /* SASliderRight.m */; };
		A182D833188B60CD00F794A5 /* SAVideoRangeSlider.m in Sources */ = {isa = PBXBuildFile; fileRef = A182D82F188B60CD00F794A5 /* SAVideoRangeSlider.m */; };
		A182D839188F2C2D00F794A5 /* TDHomeViewController.m in Sources */ = {isa = PBXBuildFile; fileRef = A182D838188F2C2D00F794A5 /* TDHomeViewController.m */; };
		A182D83A188F2C2D00F794A5 /* TDHomeViewController.m in Sources */ = {isa = PBXBuildFile; fileRef = A182D838188F2C2D00F794A5 /* TDHomeViewController.m */; };
		A19FF5E41891FEEF001A0AD0 /* TDPost.m in Sources */ = {isa = PBXBuildFile; fileRef = A19FF5E31891FEEF001A0AD0 /* TDPost.m */; };
		A19FF5E718932868001A0AD0 /* TDUserAPI.m in Sources */ = {isa = PBXBuildFile; fileRef = A19FF5E618932868001A0AD0 /* TDUserAPI.m */; };
		A19FF60D18970BBB001A0AD0 /* RSCDNContainer.m in Sources */ = {isa = PBXBuildFile; fileRef = A19FF5FD18970BBB001A0AD0 /* RSCDNContainer.m */; };
		A19FF60E18970BBB001A0AD0 /* RSClient.m in Sources */ = {isa = PBXBuildFile; fileRef = A19FF5FF18970BBB001A0AD0 /* RSClient.m */; };
		A19FF60F18970BBB001A0AD0 /* RSContainer.m in Sources */ = {isa = PBXBuildFile; fileRef = A19FF60118970BBB001A0AD0 /* RSContainer.m */; };
		A19FF61018970BBB001A0AD0 /* RSModel.m in Sources */ = {isa = PBXBuildFile; fileRef = A19FF60318970BBB001A0AD0 /* RSModel.m */; };
		A19FF61118970BBB001A0AD0 /* RSStorageObject.m in Sources */ = {isa = PBXBuildFile; fileRef = A19FF60518970BBB001A0AD0 /* RSStorageObject.m */; };
		A1B9002E18CC316800012A1F /* TDHomeHeaderView.m in Sources */ = {isa = PBXBuildFile; fileRef = A1B9002D18CC316800012A1F /* TDHomeHeaderView.m */; };
		A1BC0B3F18BE825200F507B3 /* TDSlideLeftSegue.m in Sources */ = {isa = PBXBuildFile; fileRef = A1BC0B3E18BE825200F507B3 /* TDSlideLeftSegue.m */; };
		A1C1D0F318A02FAB00666D2A /* TDPostView.xib in Resources */ = {isa = PBXBuildFile; fileRef = A1C1D0F218A02FAA00666D2A /* TDPostView.xib */; };
		A1C1D0F618A0387B00666D2A /* TDPostView.m in Sources */ = {isa = PBXBuildFile; fileRef = A1C1D0F518A0387B00666D2A /* TDPostView.m */; };
		A1C2481118C6B9CA00F187D9 /* TDProgressIndicator.m in Sources */ = {isa = PBXBuildFile; fileRef = A1C2481018C6B9CA00F187D9 /* TDProgressIndicator.m */; };
		A1C2481418C7D4B000F187D9 /* URLConnection.m in Sources */ = {isa = PBXBuildFile; fileRef = A1C2481318C7D4B000F187D9 /* URLConnection.m */; };
		A1E90CDD18B445FC0046D281 /* TDSignupStepTwoViewController.m in Sources */ = {isa = PBXBuildFile; fileRef = A1E90CDC18B445FC0046D281 /* TDSignupStepTwoViewController.m */; };
		A1F02FD418C92277002FEB2F /* TDPostUpload.m in Sources */ = {isa = PBXBuildFile; fileRef = A1F02FD318C92277002FEB2F /* TDPostUpload.m */; };
/* End PBXBuildFile section */

/* Begin PBXContainerItemProxy section */
		A11E04FE1888CB79002F981A /* PBXContainerItemProxy */ = {
			isa = PBXContainerItemProxy;
			containerPortal = A11E04D01888CB79002F981A /* Project object */;
			proxyType = 1;
			remoteGlobalIDString = A11E04D71888CB79002F981A;
			remoteInfo = Throwdown;
		};
/* End PBXContainerItemProxy section */

/* Begin PBXFileReference section */
		2D00148818CFB57C0070DE16 /* TDTwoButtonView.h */ = {isa = PBXFileReference; fileEncoding = 4; lastKnownFileType = sourcecode.c.h; path = TDTwoButtonView.h; sourceTree = "<group>"; };
		2D00148918CFB57C0070DE16 /* TDTwoButtonView.m */ = {isa = PBXFileReference; fileEncoding = 4; lastKnownFileType = sourcecode.c.objc; path = TDTwoButtonView.m; sourceTree = "<group>"; };
		2D1AEE6D18C937560055C315 /* TDDetailsLikesCell.h */ = {isa = PBXFileReference; fileEncoding = 4; lastKnownFileType = sourcecode.c.h; path = TDDetailsLikesCell.h; sourceTree = "<group>"; };
		2D1AEE6E18C937560055C315 /* TDDetailsLikesCell.m */ = {isa = PBXFileReference; fileEncoding = 4; lastKnownFileType = sourcecode.c.objc; path = TDDetailsLikesCell.m; sourceTree = "<group>"; };
		2D1AEE6F18C937560055C315 /* TDDetailsLikesCell.xib */ = {isa = PBXFileReference; fileEncoding = 4; lastKnownFileType = file.xib; path = TDDetailsLikesCell.xib; sourceTree = "<group>"; };
		2D2E832C18CA579B00846B2E /* TDComment.h */ = {isa = PBXFileReference; fileEncoding = 4; lastKnownFileType = sourcecode.c.h; path = TDComment.h; sourceTree = "<group>"; };
		2D2E832D18CA579B00846B2E /* TDComment.m */ = {isa = PBXFileReference; fileEncoding = 4; lastKnownFileType = sourcecode.c.objc; path = TDComment.m; sourceTree = "<group>"; };
		2D3F8DF618CFC81E00333F0B /* TDTwoButtonView.xib */ = {isa = PBXFileReference; fileEncoding = 4; lastKnownFileType = file.xib; path = TDTwoButtonView.xib; sourceTree = "<group>"; };
		2D5714C818BD9AB300AF0B4D /* VideoButtonSegue.h */ = {isa = PBXFileReference; fileEncoding = 4; lastKnownFileType = sourcecode.c.h; path = VideoButtonSegue.h; sourceTree = "<group>"; };
		2D5714C918BD9AB300AF0B4D /* VideoButtonSegue.m */ = {isa = PBXFileReference; fileEncoding = 4; lastKnownFileType = sourcecode.c.objc; path = VideoButtonSegue.m; sourceTree = "<group>"; };
		2D5714CA18BD9AB300AF0B4D /* VideoCloseSegue.h */ = {isa = PBXFileReference; fileEncoding = 4; lastKnownFileType = sourcecode.c.h; path = VideoCloseSegue.h; sourceTree = "<group>"; };
		2D5714CB18BD9AB300AF0B4D /* VideoCloseSegue.m */ = {isa = PBXFileReference; fileEncoding = 4; lastKnownFileType = sourcecode.c.objc; path = VideoCloseSegue.m; sourceTree = "<group>"; };
		2D648A1318C9415D002FE0AD /* TDDetailsCommentsCell.h */ = {isa = PBXFileReference; fileEncoding = 4; lastKnownFileType = sourcecode.c.h; path = TDDetailsCommentsCell.h; sourceTree = "<group>"; };
		2D648A1418C9415D002FE0AD /* TDDetailsCommentsCell.m */ = {isa = PBXFileReference; fileEncoding = 4; lastKnownFileType = sourcecode.c.objc; path = TDDetailsCommentsCell.m; sourceTree = "<group>"; };
		2D648A1518C9415D002FE0AD /* TDDetailsCommentsCell.xib */ = {isa = PBXFileReference; fileEncoding = 4; lastKnownFileType = file.xib; path = TDDetailsCommentsCell.xib; sourceTree = "<group>"; };
		2DA39FD318E0B2570004A9C7 /* TDMoreComments.h */ = {isa = PBXFileReference; fileEncoding = 4; lastKnownFileType = sourcecode.c.h; path = TDMoreComments.h; sourceTree = "<group>"; };
		2DA39FD418E0B2570004A9C7 /* TDMoreComments.m */ = {isa = PBXFileReference; fileEncoding = 4; lastKnownFileType = sourcecode.c.objc; path = TDMoreComments.m; sourceTree = "<group>"; };
		2DA39FD518E0B2570004A9C7 /* TDMoreComments.xib */ = {isa = PBXFileReference; fileEncoding = 4; lastKnownFileType = file.xib; path = TDMoreComments.xib; sourceTree = "<group>"; };
		2DA41A5318C7D89C00B21C74 /* TDDetailViewController.h */ = {isa = PBXFileReference; fileEncoding = 4; lastKnownFileType = sourcecode.c.h; path = TDDetailViewController.h; sourceTree = "<group>"; };
		2DA41A5418C7D89C00B21C74 /* TDDetailViewController.m */ = {isa = PBXFileReference; fileEncoding = 4; lastKnownFileType = sourcecode.c.objc; path = TDDetailViewController.m; sourceTree = "<group>"; };
		2DA41A5518C7D89C00B21C74 /* TDDetailViewController.xib */ = {isa = PBXFileReference; fileEncoding = 4; lastKnownFileType = file.xib; path = TDDetailViewController.xib; sourceTree = "<group>"; };
		2DA41A5818C7E31000B21C74 /* TDTypingView.h */ = {isa = PBXFileReference; fileEncoding = 4; lastKnownFileType = sourcecode.c.h; path = TDTypingView.h; sourceTree = "<group>"; };
		2DA41A5918C7E31000B21C74 /* TDTypingView.m */ = {isa = PBXFileReference; fileEncoding = 4; lastKnownFileType = sourcecode.c.objc; path = TDTypingView.m; sourceTree = "<group>"; };
		2DA41A5C18C7E49D00B21C74 /* HPGrowingTextView.h */ = {isa = PBXFileReference; fileEncoding = 4; lastKnownFileType = sourcecode.c.h; path = HPGrowingTextView.h; sourceTree = "<group>"; };
		2DA41A5D18C7E49D00B21C74 /* HPGrowingTextView.m */ = {isa = PBXFileReference; fileEncoding = 4; lastKnownFileType = sourcecode.c.objc; path = HPGrowingTextView.m; sourceTree = "<group>"; };
		2DA41A5E18C7E49D00B21C74 /* HPTextViewInternal.h */ = {isa = PBXFileReference; fileEncoding = 4; lastKnownFileType = sourcecode.c.h; path = HPTextViewInternal.h; sourceTree = "<group>"; };
		2DA41A5F18C7E49D00B21C74 /* HPTextViewInternal.m */ = {isa = PBXFileReference; fileEncoding = 4; lastKnownFileType = sourcecode.c.objc; path = HPTextViewInternal.m; sourceTree = "<group>"; };
		2DA5F04D18D36745003D2F99 /* ProximaNova-Bold.otf */ = {isa = PBXFileReference; lastKnownFileType = file; name = "ProximaNova-Bold.otf"; path = "fonts/ProximaNova-Bold.otf"; sourceTree = "<group>"; };
		2DA5F04E18D36745003D2F99 /* ProximaNova-Light.otf */ = {isa = PBXFileReference; lastKnownFileType = file; name = "ProximaNova-Light.otf"; path = "fonts/ProximaNova-Light.otf"; sourceTree = "<group>"; };
		2DA5F04F18D36745003D2F99 /* ProximaNova-Regular.otf */ = {isa = PBXFileReference; lastKnownFileType = file; name = "ProximaNova-Regular.otf"; path = "fonts/ProximaNova-Regular.otf"; sourceTree = "<group>"; };
		2DA5F05018D36745003D2F99 /* ProximaNova-Semibold.otf */ = {isa = PBXFileReference; lastKnownFileType = file; name = "ProximaNova-Semibold.otf"; path = "fonts/ProximaNova-Semibold.otf"; sourceTree = "<group>"; };
		2DA5F05518D37C70003D2F99 /* BebasNeue Bold.otf */ = {isa = PBXFileReference; lastKnownFileType = file; name = "BebasNeue Bold.otf"; path = "fonts/BebasNeue Bold.otf"; sourceTree = "<group>"; };
		2DA5F05618D37C70003D2F99 /* BebasNeue Book.otf */ = {isa = PBXFileReference; lastKnownFileType = file; name = "BebasNeue Book.otf"; path = "fonts/BebasNeue Book.otf"; sourceTree = "<group>"; };
		2DA5F05718D37C70003D2F99 /* BebasNeue Light.otf */ = {isa = PBXFileReference; lastKnownFileType = file; name = "BebasNeue Light.otf"; path = "fonts/BebasNeue Light.otf"; sourceTree = "<group>"; };
		2DA5F05818D37C70003D2F99 /* BebasNeue Regular.otf */ = {isa = PBXFileReference; lastKnownFileType = file; name = "BebasNeue Regular.otf"; path = "fonts/BebasNeue Regular.otf"; sourceTree = "<group>"; };
		2DA5F05918D37C70003D2F99 /* BebasNeue Thin.otf */ = {isa = PBXFileReference; lastKnownFileType = file; name = "BebasNeue Thin.otf"; path = "fonts/BebasNeue Thin.otf"; sourceTree = "<group>"; };
		2DA73D7518BFCC2D00D87370 /* TDLikeView.h */ = {isa = PBXFileReference; fileEncoding = 4; lastKnownFileType = sourcecode.c.h; path = TDLikeView.h; sourceTree = "<group>"; };
		2DA73D7618BFCC2E00D87370 /* TDLikeView.m */ = {isa = PBXFileReference; fileEncoding = 4; lastKnownFileType = sourcecode.c.objc; path = TDLikeView.m; sourceTree = "<group>"; };
		2DA73D7818BFCCD000D87370 /* TDLikeView.xib */ = {isa = PBXFileReference; fileEncoding = 4; lastKnownFileType = file.xib; path = TDLikeView.xib; sourceTree = "<group>"; };
		2DBA42FE18DA455500366737 /* TDTextField.h */ = {isa = PBXFileReference; fileEncoding = 4; lastKnownFileType = sourcecode.c.h; path = TDTextField.h; sourceTree = "<group>"; };
		2DBA42FF18DA455500366737 /* TDTextField.m */ = {isa = PBXFileReference; fileEncoding = 4; lastKnownFileType = sourcecode.c.objc; path = TDTextField.m; sourceTree = "<group>"; };
		2DBA430018DA455500366737 /* TDTextField.xib */ = {isa = PBXFileReference; fileEncoding = 4; lastKnownFileType = file.xib; path = TDTextField.xib; sourceTree = "<group>"; };
		A11999D418D90D5200C39ABF /* TDShareVideoViewController.h */ = {isa = PBXFileReference; fileEncoding = 4; lastKnownFileType = sourcecode.c.h; path = TDShareVideoViewController.h; sourceTree = "<group>"; };
		A11999D518D90D5200C39ABF /* TDShareVideoViewController.m */ = {isa = PBXFileReference; fileEncoding = 4; lastKnownFileType = sourcecode.c.objc; path = TDShareVideoViewController.m; sourceTree = "<group>"; };
		A11999D818D929E200C39ABF /* UIPlaceHolderTextView.h */ = {isa = PBXFileReference; fileEncoding = 4; lastKnownFileType = sourcecode.c.h; path = UIPlaceHolderTextView.h; sourceTree = "<group>"; };
		A11999D918D929E200C39ABF /* UIPlaceHolderTextView.m */ = {isa = PBXFileReference; fileEncoding = 4; lastKnownFileType = sourcecode.c.objc; path = UIPlaceHolderTextView.m; sourceTree = "<group>"; };
		A11999DB18DC0D4200C39ABF /* TDFileSystemHelper.h */ = {isa = PBXFileReference; fileEncoding = 4; lastKnownFileType = sourcecode.c.h; path = TDFileSystemHelper.h; sourceTree = "<group>"; };
		A11999DC18DC0D4200C39ABF /* TDFileSystemHelper.m */ = {isa = PBXFileReference; fileEncoding = 4; lastKnownFileType = sourcecode.c.objc; path = TDFileSystemHelper.m; sourceTree = "<group>"; };
		A11E04D81888CB79002F981A /* Throwdown.app */ = {isa = PBXFileReference; explicitFileType = wrapper.application; includeInIndex = 0; path = Throwdown.app; sourceTree = BUILT_PRODUCTS_DIR; };
		A11E04DB1888CB79002F981A /* Foundation.framework */ = {isa = PBXFileReference; lastKnownFileType = wrapper.framework; name = Foundation.framework; path = System/Library/Frameworks/Foundation.framework; sourceTree = SDKROOT; };
		A11E04DD1888CB79002F981A /* CoreGraphics.framework */ = {isa = PBXFileReference; lastKnownFileType = wrapper.framework; name = CoreGraphics.framework; path = System/Library/Frameworks/CoreGraphics.framework; sourceTree = SDKROOT; };
		A11E04DF1888CB79002F981A /* UIKit.framework */ = {isa = PBXFileReference; lastKnownFileType = wrapper.framework; name = UIKit.framework; path = System/Library/Frameworks/UIKit.framework; sourceTree = SDKROOT; };
		A11E04E31888CB79002F981A /* Throwdown-Info.plist */ = {isa = PBXFileReference; lastKnownFileType = text.plist.xml; path = "Throwdown-Info.plist"; sourceTree = "<group>"; };
		A11E04E51888CB79002F981A /* en */ = {isa = PBXFileReference; lastKnownFileType = text.plist.strings; name = en; path = en.lproj/InfoPlist.strings; sourceTree = "<group>"; };
		A11E04E71888CB79002F981A /* main.m */ = {isa = PBXFileReference; lastKnownFileType = sourcecode.c.objc; path = main.m; sourceTree = "<group>"; };
		A11E04E91888CB79002F981A /* Throwdown-Prefix.pch */ = {isa = PBXFileReference; lastKnownFileType = sourcecode.c.h; path = "Throwdown-Prefix.pch"; sourceTree = "<group>"; };
		A11E04EA1888CB79002F981A /* TDAppDelegate.h */ = {isa = PBXFileReference; lastKnownFileType = sourcecode.c.h; path = TDAppDelegate.h; sourceTree = "<group>"; };
		A11E04EB1888CB79002F981A /* TDAppDelegate.m */ = {isa = PBXFileReference; lastKnownFileType = sourcecode.c.objc; path = TDAppDelegate.m; sourceTree = "<group>"; };
		A11E04EE1888CB79002F981A /* Base */ = {isa = PBXFileReference; lastKnownFileType = file.storyboard; name = Base; path = Base.lproj/Main.storyboard; sourceTree = "<group>"; };
		A11E04F01888CB79002F981A /* TDRecordVideoViewController.h */ = {isa = PBXFileReference; lastKnownFileType = sourcecode.c.h; path = TDRecordVideoViewController.h; sourceTree = "<group>"; };
		A11E04F11888CB79002F981A /* TDRecordVideoViewController.m */ = {isa = PBXFileReference; lastKnownFileType = sourcecode.c.objc; path = TDRecordVideoViewController.m; sourceTree = "<group>"; };
		A11E04F31888CB79002F981A /* Images.xcassets */ = {isa = PBXFileReference; lastKnownFileType = folder.assetcatalog; path = Images.xcassets; sourceTree = "<group>"; };
		A11E04F91888CB79002F981A /* ThrowdownTests.xctest */ = {isa = PBXFileReference; explicitFileType = wrapper.cfbundle; includeInIndex = 0; path = ThrowdownTests.xctest; sourceTree = BUILT_PRODUCTS_DIR; };
		A11E04FA1888CB79002F981A /* XCTest.framework */ = {isa = PBXFileReference; lastKnownFileType = wrapper.framework; name = XCTest.framework; path = Library/Frameworks/XCTest.framework; sourceTree = DEVELOPER_DIR; };
		A11E05021888CB79002F981A /* ThrowdownTests-Info.plist */ = {isa = PBXFileReference; lastKnownFileType = text.plist.xml; path = "ThrowdownTests-Info.plist"; sourceTree = "<group>"; };
		A11E05041888CB79002F981A /* en */ = {isa = PBXFileReference; lastKnownFileType = text.plist.strings; name = en; path = en.lproj/InfoPlist.strings; sourceTree = "<group>"; };
		A11E05061888CB79002F981A /* ThrowdownTests.m */ = {isa = PBXFileReference; lastKnownFileType = sourcecode.c.objc; path = ThrowdownTests.m; sourceTree = "<group>"; };
		A11E05111889293C002F981A /* AssetsLibrary.framework */ = {isa = PBXFileReference; lastKnownFileType = wrapper.framework; name = AssetsLibrary.framework; path = System/Library/Frameworks/AssetsLibrary.framework; sourceTree = SDKROOT; };
		A1432CDF18A99D750073E492 /* TDWelcomeViewController.h */ = {isa = PBXFileReference; fileEncoding = 4; lastKnownFileType = sourcecode.c.h; path = TDWelcomeViewController.h; sourceTree = "<group>"; };
		A1432CE018A99D750073E492 /* TDWelcomeViewController.m */ = {isa = PBXFileReference; fileEncoding = 4; lastKnownFileType = sourcecode.c.objc; path = TDWelcomeViewController.m; sourceTree = "<group>"; };
		A1432CE218A99DA40073E492 /* TDSignupStepOneViewController.h */ = {isa = PBXFileReference; fileEncoding = 4; lastKnownFileType = sourcecode.c.h; path = TDSignupStepOneViewController.h; sourceTree = "<group>"; };
		A1432CE318A99DA40073E492 /* TDSignupStepOneViewController.m */ = {isa = PBXFileReference; fileEncoding = 4; lastKnownFileType = sourcecode.c.objc; path = TDSignupStepOneViewController.m; sourceTree = "<group>"; };
		A1432CE518A99DB30073E492 /* TDLoginViewController.h */ = {isa = PBXFileReference; fileEncoding = 4; lastKnownFileType = sourcecode.c.h; path = TDLoginViewController.h; sourceTree = "<group>"; };
		A1432CE618A99DB30073E492 /* TDLoginViewController.m */ = {isa = PBXFileReference; fileEncoding = 4; lastKnownFileType = sourcecode.c.objc; path = TDLoginViewController.m; sourceTree = "<group>"; };
		A1432D1E18AA02990073E492 /* TDViewControllerHelper.h */ = {isa = PBXFileReference; fileEncoding = 4; lastKnownFileType = sourcecode.c.h; path = TDViewControllerHelper.h; sourceTree = "<group>"; };
		A1432D1F18AA02990073E492 /* TDViewControllerHelper.m */ = {isa = PBXFileReference; fileEncoding = 4; lastKnownFileType = sourcecode.c.objc; path = TDViewControllerHelper.m; sourceTree = "<group>"; };
		A14B2B7D18B5308000980A31 /* TDAPIClient.h */ = {isa = PBXFileReference; fileEncoding = 4; lastKnownFileType = sourcecode.c.h; path = TDAPIClient.h; sourceTree = "<group>"; };
		A14B2B7E18B5308000980A31 /* TDAPIClient.m */ = {isa = PBXFileReference; fileEncoding = 4; lastKnownFileType = sourcecode.c.objc; path = TDAPIClient.m; sourceTree = "<group>"; };
		A14B2B8618B8351D00980A31 /* TDCurrentUser.h */ = {isa = PBXFileReference; fileEncoding = 4; lastKnownFileType = sourcecode.c.h; path = TDCurrentUser.h; sourceTree = "<group>"; };
		A14B2B8718B8351E00980A31 /* TDCurrentUser.m */ = {isa = PBXFileReference; fileEncoding = 4; lastKnownFileType = sourcecode.c.objc; path = TDCurrentUser.m; sourceTree = "<group>"; };
		A150F08818A31B14009A72AD /* TDConstants.h */ = {isa = PBXFileReference; fileEncoding = 4; lastKnownFileType = sourcecode.c.h; path = TDConstants.h; sourceTree = "<group>"; };
		A150F08918A31B14009A72AD /* TDConstants.m */ = {isa = PBXFileReference; fileEncoding = 4; lastKnownFileType = sourcecode.c.objc; path = TDConstants.m; sourceTree = "<group>"; };
		A151958918BAE8FD0050A45B /* TDUser.h */ = {isa = PBXFileReference; fileEncoding = 4; lastKnownFileType = sourcecode.c.h; path = TDUser.h; sourceTree = "<group>"; };
		A151958A18BAE8FD0050A45B /* TDUser.m */ = {isa = PBXFileReference; fileEncoding = 4; lastKnownFileType = sourcecode.c.objc; path = TDUser.m; sourceTree = "<group>"; };
		A175678E1891C7F20034AD05 /* TDPostAPI.h */ = {isa = PBXFileReference; fileEncoding = 4; lastKnownFileType = sourcecode.c.h; path = TDPostAPI.h; sourceTree = "<group>"; };
		A175678F1891C7F20034AD05 /* TDPostAPI.m */ = {isa = PBXFileReference; fileEncoding = 4; lastKnownFileType = sourcecode.c.objc; path = TDPostAPI.m; sourceTree = "<group>"; };
		A180D4DD18C14EA7003B9378 /* TDNavigationController.h */ = {isa = PBXFileReference; fileEncoding = 4; lastKnownFileType = sourcecode.c.h; path = TDNavigationController.h; sourceTree = "<group>"; };
		A180D4DE18C14EA7003B9378 /* TDNavigationController.m */ = {isa = PBXFileReference; fileEncoding = 4; lastKnownFileType = sourcecode.c.objc; path = TDNavigationController.m; sourceTree = "<group>"; };
		A180D4E318C33D26003B9378 /* TDUnwindSlideLeftSegue.h */ = {isa = PBXFileReference; fileEncoding = 4; lastKnownFileType = sourcecode.c.h; path = TDUnwindSlideLeftSegue.h; sourceTree = "<group>"; };
		A180D4E418C33D26003B9378 /* TDUnwindSlideLeftSegue.m */ = {isa = PBXFileReference; fileEncoding = 4; lastKnownFileType = sourcecode.c.objc; path = TDUnwindSlideLeftSegue.m; sourceTree = "<group>"; };
		A182D8241889E8D900F794A5 /* TDEditVideoViewController.h */ = {isa = PBXFileReference; fileEncoding = 4; lastKnownFileType = sourcecode.c.h; path = TDEditVideoViewController.h; sourceTree = "<group>"; };
		A182D8251889E8D900F794A5 /* TDEditVideoViewController.m */ = {isa = PBXFileReference; fileEncoding = 4; lastKnownFileType = sourcecode.c.objc; path = TDEditVideoViewController.m; sourceTree = "<group>"; };
		A182D828188B60CD00F794A5 /* SAResizibleBubble.h */ = {isa = PBXFileReference; fileEncoding = 4; lastKnownFileType = sourcecode.c.h; path = SAResizibleBubble.h; sourceTree = "<group>"; };
		A182D829188B60CD00F794A5 /* SAResizibleBubble.m */ = {isa = PBXFileReference; fileEncoding = 4; lastKnownFileType = sourcecode.c.objc; path = SAResizibleBubble.m; sourceTree = "<group>"; };
		A182D82A188B60CD00F794A5 /* SASliderLeft.h */ = {isa = PBXFileReference; fileEncoding = 4; lastKnownFileType = sourcecode.c.h; path = SASliderLeft.h; sourceTree = "<group>"; };
		A182D82B188B60CD00F794A5 /* SASliderLeft.m */ = {isa = PBXFileReference; fileEncoding = 4; lastKnownFileType = sourcecode.c.objc; path = SASliderLeft.m; sourceTree = "<group>"; };
		A182D82C188B60CD00F794A5 /* SASliderRight.h */ = {isa = PBXFileReference; fileEncoding = 4; lastKnownFileType = sourcecode.c.h; path = SASliderRight.h; sourceTree = "<group>"; };
		A182D82D188B60CD00F794A5 /* SASliderRight.m */ = {isa = PBXFileReference; fileEncoding = 4; lastKnownFileType = sourcecode.c.objc; path = SASliderRight.m; sourceTree = "<group>"; };
		A182D82E188B60CD00F794A5 /* SAVideoRangeSlider.h */ = {isa = PBXFileReference; fileEncoding = 4; lastKnownFileType = sourcecode.c.h; path = SAVideoRangeSlider.h; sourceTree = "<group>"; };
		A182D82F188B60CD00F794A5 /* SAVideoRangeSlider.m */ = {isa = PBXFileReference; fileEncoding = 4; lastKnownFileType = sourcecode.c.objc; path = SAVideoRangeSlider.m; sourceTree = "<group>"; };
		A182D837188F2C2D00F794A5 /* TDHomeViewController.h */ = {isa = PBXFileReference; fileEncoding = 4; lastKnownFileType = sourcecode.c.h; path = TDHomeViewController.h; sourceTree = "<group>"; };
		A182D838188F2C2D00F794A5 /* TDHomeViewController.m */ = {isa = PBXFileReference; fileEncoding = 4; lastKnownFileType = sourcecode.c.objc; path = TDHomeViewController.m; sourceTree = "<group>"; };
		A19FF5E21891FEEF001A0AD0 /* TDPost.h */ = {isa = PBXFileReference; fileEncoding = 4; lastKnownFileType = sourcecode.c.h; path = TDPost.h; sourceTree = "<group>"; };
		A19FF5E31891FEEF001A0AD0 /* TDPost.m */ = {isa = PBXFileReference; fileEncoding = 4; lastKnownFileType = sourcecode.c.objc; path = TDPost.m; sourceTree = "<group>"; };
		A19FF5E518932868001A0AD0 /* TDUserAPI.h */ = {isa = PBXFileReference; fileEncoding = 4; lastKnownFileType = sourcecode.c.h; path = TDUserAPI.h; sourceTree = "<group>"; };
		A19FF5E618932868001A0AD0 /* TDUserAPI.m */ = {isa = PBXFileReference; fileEncoding = 4; lastKnownFileType = sourcecode.c.objc; path = TDUserAPI.m; sourceTree = "<group>"; };
		A19FF5FC18970BBB001A0AD0 /* RSCDNContainer.h */ = {isa = PBXFileReference; fileEncoding = 4; lastKnownFileType = sourcecode.c.h; path = RSCDNContainer.h; sourceTree = "<group>"; };
		A19FF5FD18970BBB001A0AD0 /* RSCDNContainer.m */ = {isa = PBXFileReference; fileEncoding = 4; lastKnownFileType = sourcecode.c.objc; path = RSCDNContainer.m; sourceTree = "<group>"; };
		A19FF5FE18970BBB001A0AD0 /* RSClient.h */ = {isa = PBXFileReference; fileEncoding = 4; lastKnownFileType = sourcecode.c.h; path = RSClient.h; sourceTree = "<group>"; };
		A19FF5FF18970BBB001A0AD0 /* RSClient.m */ = {isa = PBXFileReference; fileEncoding = 4; lastKnownFileType = sourcecode.c.objc; path = RSClient.m; sourceTree = "<group>"; };
		A19FF60018970BBB001A0AD0 /* RSContainer.h */ = {isa = PBXFileReference; fileEncoding = 4; lastKnownFileType = sourcecode.c.h; path = RSContainer.h; sourceTree = "<group>"; };
		A19FF60118970BBB001A0AD0 /* RSContainer.m */ = {isa = PBXFileReference; fileEncoding = 4; lastKnownFileType = sourcecode.c.objc; path = RSContainer.m; sourceTree = "<group>"; };
		A19FF60218970BBB001A0AD0 /* RSModel.h */ = {isa = PBXFileReference; fileEncoding = 4; lastKnownFileType = sourcecode.c.h; path = RSModel.h; sourceTree = "<group>"; };
		A19FF60318970BBB001A0AD0 /* RSModel.m */ = {isa = PBXFileReference; fileEncoding = 4; lastKnownFileType = sourcecode.c.objc; path = RSModel.m; sourceTree = "<group>"; };
		A19FF60418970BBB001A0AD0 /* RSStorageObject.h */ = {isa = PBXFileReference; fileEncoding = 4; lastKnownFileType = sourcecode.c.h; path = RSStorageObject.h; sourceTree = "<group>"; };
		A19FF60518970BBB001A0AD0 /* RSStorageObject.m */ = {isa = PBXFileReference; fileEncoding = 4; lastKnownFileType = sourcecode.c.objc; path = RSStorageObject.m; sourceTree = "<group>"; };
		A1B9002B18CBDCC800012A1F /* TDUploadProgressDelegate.h */ = {isa = PBXFileReference; lastKnownFileType = sourcecode.c.h; path = TDUploadProgressDelegate.h; sourceTree = "<group>"; };
		A1B9002C18CC316700012A1F /* TDHomeHeaderView.h */ = {isa = PBXFileReference; fileEncoding = 4; lastKnownFileType = sourcecode.c.h; path = TDHomeHeaderView.h; sourceTree = "<group>"; };
		A1B9002D18CC316800012A1F /* TDHomeHeaderView.m */ = {isa = PBXFileReference; fileEncoding = 4; lastKnownFileType = sourcecode.c.objc; path = TDHomeHeaderView.m; sourceTree = "<group>"; };
		A1B9002F18CC43FC00012A1F /* TDHomeHeaderUploadDelegate.h */ = {isa = PBXFileReference; lastKnownFileType = sourcecode.c.h; path = TDHomeHeaderUploadDelegate.h; sourceTree = "<group>"; };
		A1BC0B3D18BE825200F507B3 /* TDSlideLeftSegue.h */ = {isa = PBXFileReference; fileEncoding = 4; lastKnownFileType = sourcecode.c.h; path = TDSlideLeftSegue.h; sourceTree = "<group>"; };
		A1BC0B3E18BE825200F507B3 /* TDSlideLeftSegue.m */ = {isa = PBXFileReference; fileEncoding = 4; lastKnownFileType = sourcecode.c.objc; path = TDSlideLeftSegue.m; sourceTree = "<group>"; };
		A1C1D0F218A02FAA00666D2A /* TDPostView.xib */ = {isa = PBXFileReference; fileEncoding = 4; lastKnownFileType = file.xib; path = TDPostView.xib; sourceTree = "<group>"; };
		A1C1D0F418A0387B00666D2A /* TDPostView.h */ = {isa = PBXFileReference; fileEncoding = 4; lastKnownFileType = sourcecode.c.h; path = TDPostView.h; sourceTree = "<group>"; };
		A1C1D0F518A0387B00666D2A /* TDPostView.m */ = {isa = PBXFileReference; fileEncoding = 4; lastKnownFileType = sourcecode.c.objc; path = TDPostView.m; sourceTree = "<group>"; };
		A1C2480F18C6B9CA00F187D9 /* TDProgressIndicator.h */ = {isa = PBXFileReference; fileEncoding = 4; lastKnownFileType = sourcecode.c.h; path = TDProgressIndicator.h; sourceTree = "<group>"; };
		A1C2481018C6B9CA00F187D9 /* TDProgressIndicator.m */ = {isa = PBXFileReference; fileEncoding = 4; lastKnownFileType = sourcecode.c.objc; path = TDProgressIndicator.m; sourceTree = "<group>"; };
		A1C2481218C7D4B000F187D9 /* URLConnection.h */ = {isa = PBXFileReference; fileEncoding = 4; lastKnownFileType = sourcecode.c.h; path = URLConnection.h; sourceTree = "<group>"; };
		A1C2481318C7D4B000F187D9 /* URLConnection.m */ = {isa = PBXFileReference; fileEncoding = 4; lastKnownFileType = sourcecode.c.objc; path = URLConnection.m; sourceTree = "<group>"; };
		A1E90CDB18B445FC0046D281 /* TDSignupStepTwoViewController.h */ = {isa = PBXFileReference; fileEncoding = 4; lastKnownFileType = sourcecode.c.h; path = TDSignupStepTwoViewController.h; sourceTree = "<group>"; };
		A1E90CDC18B445FC0046D281 /* TDSignupStepTwoViewController.m */ = {isa = PBXFileReference; fileEncoding = 4; lastKnownFileType = sourcecode.c.objc; path = TDSignupStepTwoViewController.m; sourceTree = "<group>"; };
		A1F02FD218C92277002FEB2F /* TDPostUpload.h */ = {isa = PBXFileReference; fileEncoding = 4; lastKnownFileType = sourcecode.c.h; path = TDPostUpload.h; sourceTree = "<group>"; };
		A1F02FD318C92277002FEB2F /* TDPostUpload.m */ = {isa = PBXFileReference; fileEncoding = 4; lastKnownFileType = sourcecode.c.objc; path = TDPostUpload.m; sourceTree = "<group>"; };
		BC8AD58EF48B41289E5CE49E /* Pods.xcconfig */ = {isa = PBXFileReference; includeInIndex = 1; lastKnownFileType = text.xcconfig; name = Pods.xcconfig; path = Pods/Pods.xcconfig; sourceTree = "<group>"; };
		E657ABE418B84EA68554F855 /* libPods.a */ = {isa = PBXFileReference; explicitFileType = archive.ar; includeInIndex = 0; path = libPods.a; sourceTree = BUILT_PRODUCTS_DIR; };
/* End PBXFileReference section */

/* Begin PBXFrameworksBuildPhase section */
		A11E04D51888CB79002F981A /* Frameworks */ = {
			isa = PBXFrameworksBuildPhase;
			buildActionMask = 2147483647;
			files = (
				A11E05121889293C002F981A /* AssetsLibrary.framework in Frameworks */,
				A11E04DE1888CB79002F981A /* CoreGraphics.framework in Frameworks */,
				A11E04E01888CB79002F981A /* UIKit.framework in Frameworks */,
				A11E04DC1888CB79002F981A /* Foundation.framework in Frameworks */,
				579149E08F7B4EE789901248 /* libPods.a in Frameworks */,
			);
			runOnlyForDeploymentPostprocessing = 0;
		};
		A11E04F61888CB79002F981A /* Frameworks */ = {
			isa = PBXFrameworksBuildPhase;
			buildActionMask = 2147483647;
			files = (
				A11E04FB1888CB79002F981A /* XCTest.framework in Frameworks */,
				A11E04FD1888CB79002F981A /* UIKit.framework in Frameworks */,
				A11E04FC1888CB79002F981A /* Foundation.framework in Frameworks */,
			);
			runOnlyForDeploymentPostprocessing = 0;
		};
/* End PBXFrameworksBuildPhase section */

/* Begin PBXGroup section */
		2D5714C718BD9A5800AF0B4D /* Segues */ = {
			isa = PBXGroup;
			children = (
				2D5714C818BD9AB300AF0B4D /* VideoButtonSegue.h */,
				2D5714C918BD9AB300AF0B4D /* VideoButtonSegue.m */,
				2D5714CA18BD9AB300AF0B4D /* VideoCloseSegue.h */,
				2D5714CB18BD9AB300AF0B4D /* VideoCloseSegue.m */,
				A1BC0B3D18BE825200F507B3 /* TDSlideLeftSegue.h */,
				A1BC0B3E18BE825200F507B3 /* TDSlideLeftSegue.m */,
				A180D4E318C33D26003B9378 /* TDUnwindSlideLeftSegue.h */,
				A180D4E418C33D26003B9378 /* TDUnwindSlideLeftSegue.m */,
			);
			name = Segues;
			sourceTree = "<group>";
		};
		2DA41A5218C7D85F00B21C74 /* Detail */ = {
			isa = PBXGroup;
			children = (
				2DA41A5518C7D89C00B21C74 /* TDDetailViewController.xib */,
				2DA41A5318C7D89C00B21C74 /* TDDetailViewController.h */,
				2DA41A5418C7D89C00B21C74 /* TDDetailViewController.m */,
			);
			name = Detail;
			sourceTree = "<group>";
		};
		2DA41A5B18C7E3EA00B21C74 /* HPTypingView */ = {
			isa = PBXGroup;
			children = (
				2DA41A5C18C7E49D00B21C74 /* HPGrowingTextView.h */,
				2DA41A5D18C7E49D00B21C74 /* HPGrowingTextView.m */,
				2DA41A5E18C7E49D00B21C74 /* HPTextViewInternal.h */,
				2DA41A5F18C7E49D00B21C74 /* HPTextViewInternal.m */,
			);
			name = HPTypingView;
			sourceTree = "<group>";
		};
		2DA5F04C18D36736003D2F99 /* Fonts */ = {
			isa = PBXGroup;
			children = (
				2DA5F05518D37C70003D2F99 /* BebasNeue Bold.otf */,
				2DA5F05618D37C70003D2F99 /* BebasNeue Book.otf */,
				2DA5F05718D37C70003D2F99 /* BebasNeue Light.otf */,
				2DA5F05818D37C70003D2F99 /* BebasNeue Regular.otf */,
				2DA5F05918D37C70003D2F99 /* BebasNeue Thin.otf */,
				2DA5F04D18D36745003D2F99 /* ProximaNova-Bold.otf */,
				2DA5F04E18D36745003D2F99 /* ProximaNova-Light.otf */,
				2DA5F04F18D36745003D2F99 /* ProximaNova-Regular.otf */,
				2DA5F05018D36745003D2F99 /* ProximaNova-Semibold.otf */,
			);
			name = Fonts;
			sourceTree = "<group>";
		};
		A11999D318D90D2E00C39ABF /* Recording */ = {
			isa = PBXGroup;
			children = (
				A182D8241889E8D900F794A5 /* TDEditVideoViewController.h */,
				A182D8251889E8D900F794A5 /* TDEditVideoViewController.m */,
				A11E04F01888CB79002F981A /* TDRecordVideoViewController.h */,
				A11E04F11888CB79002F981A /* TDRecordVideoViewController.m */,
				A11999D418D90D5200C39ABF /* TDShareVideoViewController.h */,
				A11999D518D90D5200C39ABF /* TDShareVideoViewController.m */,
			);
			name = Recording;
			sourceTree = "<group>";
		};
		A11999D718D9290300C39ABF /* Components */ = {
			isa = PBXGroup;
			children = (
				A11999D818D929E200C39ABF /* UIPlaceHolderTextView.h */,
				A11999D918D929E200C39ABF /* UIPlaceHolderTextView.m */,
			);
			name = Components;
			sourceTree = "<group>";
		};
		A11E04CF1888CB79002F981A = {
			isa = PBXGroup;
			children = (
				A11E04E11888CB79002F981A /* Throwdown */,
				A11E05001888CB79002F981A /* ThrowdownTests */,
				A11E04DA1888CB79002F981A /* Frameworks */,
				A11E04D91888CB79002F981A /* Products */,
				BC8AD58EF48B41289E5CE49E /* Pods.xcconfig */,
			);
			sourceTree = "<group>";
		};
		A11E04D91888CB79002F981A /* Products */ = {
			isa = PBXGroup;
			children = (
				A11E04D81888CB79002F981A /* Throwdown.app */,
				A11E04F91888CB79002F981A /* ThrowdownTests.xctest */,
			);
			name = Products;
			sourceTree = "<group>";
		};
		A11E04DA1888CB79002F981A /* Frameworks */ = {
			isa = PBXGroup;
			children = (
				A19FF5FB18970BBA001A0AD0 /* RSCloudFiles */,
				A182D827188B60CD00F794A5 /* SAVideoRangeSlider */,
				A11E05111889293C002F981A /* AssetsLibrary.framework */,
				A11E04DB1888CB79002F981A /* Foundation.framework */,
				A11E04DD1888CB79002F981A /* CoreGraphics.framework */,
				A11E04DF1888CB79002F981A /* UIKit.framework */,
				A11E04FA1888CB79002F981A /* XCTest.framework */,
				E657ABE418B84EA68554F855 /* libPods.a */,
			);
			name = Frameworks;
			sourceTree = "<group>";
		};
		A11E04E11888CB79002F981A /* Throwdown */ = {
			isa = PBXGroup;
			children = (
				A1432D1D18AA027B0073E492 /* Helpers */,
				A1C1D0A5189ADAED00666D2A /* Views */,
				A19FF5E11891FEDF001A0AD0 /* Models */,
				A175678D1891C20A0034AD05 /* API */,
				A182D836188F2C0100F794A5 /* Controllers */,
				A11E04EA1888CB79002F981A /* TDAppDelegate.h */,
				A11E04EB1888CB79002F981A /* TDAppDelegate.m */,
				A11E04ED1888CB79002F981A /* Main.storyboard */,
				A11E04F31888CB79002F981A /* Images.xcassets */,
				2DA5F04C18D36736003D2F99 /* Fonts */,
				A11E04E21888CB79002F981A /* Supporting Files */,
			);
			path = Throwdown;
			sourceTree = "<group>";
		};
		A11E04E21888CB79002F981A /* Supporting Files */ = {
			isa = PBXGroup;
			children = (
				A11E04E31888CB79002F981A /* Throwdown-Info.plist */,
				A11E04E41888CB79002F981A /* InfoPlist.strings */,
				A11E04E71888CB79002F981A /* main.m */,
				A11E04E91888CB79002F981A /* Throwdown-Prefix.pch */,
				A150F08818A31B14009A72AD /* TDConstants.h */,
				A150F08918A31B14009A72AD /* TDConstants.m */,
				A180D4DD18C14EA7003B9378 /* TDNavigationController.h */,
				A180D4DE18C14EA7003B9378 /* TDNavigationController.m */,
				A1C2481218C7D4B000F187D9 /* URLConnection.h */,
				A1C2481318C7D4B000F187D9 /* URLConnection.m */,
			);
			name = "Supporting Files";
			sourceTree = "<group>";
		};
		A11E05001888CB79002F981A /* ThrowdownTests */ = {
			isa = PBXGroup;
			children = (
				A11E05061888CB79002F981A /* ThrowdownTests.m */,
				A11E05011888CB79002F981A /* Supporting Files */,
			);
			path = ThrowdownTests;
			sourceTree = "<group>";
		};
		A11E05011888CB79002F981A /* Supporting Files */ = {
			isa = PBXGroup;
			children = (
				A11E05021888CB79002F981A /* ThrowdownTests-Info.plist */,
				A11E05031888CB79002F981A /* InfoPlist.strings */,
			);
			name = "Supporting Files";
			sourceTree = "<group>";
		};
		A1432CDE18A99D500073E492 /* Onboarding */ = {
			isa = PBXGroup;
			children = (
				A1432CDF18A99D750073E492 /* TDWelcomeViewController.h */,
				A1432CE018A99D750073E492 /* TDWelcomeViewController.m */,
				A1432CE218A99DA40073E492 /* TDSignupStepOneViewController.h */,
				A1432CE318A99DA40073E492 /* TDSignupStepOneViewController.m */,
				A1E90CDB18B445FC0046D281 /* TDSignupStepTwoViewController.h */,
				A1E90CDC18B445FC0046D281 /* TDSignupStepTwoViewController.m */,
				A1432CE518A99DB30073E492 /* TDLoginViewController.h */,
				A1432CE618A99DB30073E492 /* TDLoginViewController.m */,
			);
			name = Onboarding;
			sourceTree = "<group>";
		};
		A1432D1D18AA027B0073E492 /* Helpers */ = {
			isa = PBXGroup;
			children = (
				A1432D1E18AA02990073E492 /* TDViewControllerHelper.h */,
				A1432D1F18AA02990073E492 /* TDViewControllerHelper.m */,
				A11999DB18DC0D4200C39ABF /* TDFileSystemHelper.h */,
				A11999DC18DC0D4200C39ABF /* TDFileSystemHelper.m */,
			);
			name = Helpers;
			sourceTree = "<group>";
		};
		A175678D1891C20A0034AD05 /* API */ = {
			isa = PBXGroup;
			children = (
				A175678E1891C7F20034AD05 /* TDPostAPI.h */,
				A175678F1891C7F20034AD05 /* TDPostAPI.m */,
				A19FF5E518932868001A0AD0 /* TDUserAPI.h */,
				A19FF5E618932868001A0AD0 /* TDUserAPI.m */,
				A14B2B7D18B5308000980A31 /* TDAPIClient.h */,
				A14B2B7E18B5308000980A31 /* TDAPIClient.m */,
				A1F02FD218C92277002FEB2F /* TDPostUpload.h */,
				A1F02FD318C92277002FEB2F /* TDPostUpload.m */,
			);
			name = API;
			sourceTree = "<group>";
		};
		A182D827188B60CD00F794A5 /* SAVideoRangeSlider */ = {
			isa = PBXGroup;
			children = (
				A182D828188B60CD00F794A5 /* SAResizibleBubble.h */,
				A182D829188B60CD00F794A5 /* SAResizibleBubble.m */,
				A182D82A188B60CD00F794A5 /* SASliderLeft.h */,
				A182D82B188B60CD00F794A5 /* SASliderLeft.m */,
				A182D82C188B60CD00F794A5 /* SASliderRight.h */,
				A182D82D188B60CD00F794A5 /* SASliderRight.m */,
				A182D82E188B60CD00F794A5 /* SAVideoRangeSlider.h */,
				A182D82F188B60CD00F794A5 /* SAVideoRangeSlider.m */,
			);
			path = SAVideoRangeSlider;
			sourceTree = "<group>";
		};
		A182D836188F2C0100F794A5 /* Controllers */ = {
			isa = PBXGroup;
			children = (
				A11999D318D90D2E00C39ABF /* Recording */,
				A1432CDE18A99D500073E492 /* Onboarding */,
				2DA41A5218C7D85F00B21C74 /* Detail */,
				A182D837188F2C2D00F794A5 /* TDHomeViewController.h */,
				A182D838188F2C2D00F794A5 /* TDHomeViewController.m */,
				2D5714C718BD9A5800AF0B4D /* Segues */,
			);
			name = Controllers;
			sourceTree = "<group>";
		};
		A19FF5E11891FEDF001A0AD0 /* Models */ = {
			isa = PBXGroup;
			children = (
				A19FF5E21891FEEF001A0AD0 /* TDPost.h */,
				A19FF5E31891FEEF001A0AD0 /* TDPost.m */,
				A14B2B8618B8351D00980A31 /* TDCurrentUser.h */,
				A14B2B8718B8351E00980A31 /* TDCurrentUser.m */,
				A151958918BAE8FD0050A45B /* TDUser.h */,
				A151958A18BAE8FD0050A45B /* TDUser.m */,
				2D2E832C18CA579B00846B2E /* TDComment.h */,
				2D2E832D18CA579B00846B2E /* TDComment.m */,
			);
			name = Models;
			sourceTree = "<group>";
		};
		A19FF5FB18970BBA001A0AD0 /* RSCloudFiles */ = {
			isa = PBXGroup;
			children = (
				A19FF5FC18970BBB001A0AD0 /* RSCDNContainer.h */,
				A19FF5FD18970BBB001A0AD0 /* RSCDNContainer.m */,
				A19FF5FE18970BBB001A0AD0 /* RSClient.h */,
				A19FF5FF18970BBB001A0AD0 /* RSClient.m */,
				A19FF60018970BBB001A0AD0 /* RSContainer.h */,
				A19FF60118970BBB001A0AD0 /* RSContainer.m */,
				A19FF60218970BBB001A0AD0 /* RSModel.h */,
				A19FF60318970BBB001A0AD0 /* RSModel.m */,
				A19FF60418970BBB001A0AD0 /* RSStorageObject.h */,
				A19FF60518970BBB001A0AD0 /* RSStorageObject.m */,
			);
			name = RSCloudFiles;
			path = RackspaceCloudFiles/Source;
			sourceTree = "<group>";
		};
		A1C1D0A5189ADAED00666D2A /* Views */ = {
			isa = PBXGroup;
			children = (
				A11999D718D9290300C39ABF /* Components */,
				A1C1D0F218A02FAA00666D2A /* TDPostView.xib */,
				A1C1D0F418A0387B00666D2A /* TDPostView.h */,
				A1C1D0F518A0387B00666D2A /* TDPostView.m */,
				2DA73D7818BFCCD000D87370 /* TDLikeView.xib */,
				2DA73D7518BFCC2D00D87370 /* TDLikeView.h */,
				2DA73D7618BFCC2E00D87370 /* TDLikeView.m */,
				2D3F8DF618CFC81E00333F0B /* TDTwoButtonView.xib */,
				2D00148818CFB57C0070DE16 /* TDTwoButtonView.h */,
				2D00148918CFB57C0070DE16 /* TDTwoButtonView.m */,
				A1C2480F18C6B9CA00F187D9 /* TDProgressIndicator.h */,
				A1C2481018C6B9CA00F187D9 /* TDProgressIndicator.m */,
				2DA41A5818C7E31000B21C74 /* TDTypingView.h */,
				2DA41A5918C7E31000B21C74 /* TDTypingView.m */,
				2D1AEE6F18C937560055C315 /* TDDetailsLikesCell.xib */,
				2D1AEE6D18C937560055C315 /* TDDetailsLikesCell.h */,
				2D1AEE6E18C937560055C315 /* TDDetailsLikesCell.m */,
				2D648A1518C9415D002FE0AD /* TDDetailsCommentsCell.xib */,
				2D648A1318C9415D002FE0AD /* TDDetailsCommentsCell.h */,
				2D648A1418C9415D002FE0AD /* TDDetailsCommentsCell.m */,
				2DA39FD518E0B2570004A9C7 /* TDMoreComments.xib */,
				2DA39FD318E0B2570004A9C7 /* TDMoreComments.h */,
				2DA39FD418E0B2570004A9C7 /* TDMoreComments.m */,
				2DA41A5B18C7E3EA00B21C74 /* HPTypingView */,
				A1B9002B18CBDCC800012A1F /* TDUploadProgressDelegate.h */,
				A1B9002C18CC316700012A1F /* TDHomeHeaderView.h */,
				A1B9002D18CC316800012A1F /* TDHomeHeaderView.m */,
				A1B9002F18CC43FC00012A1F /* TDHomeHeaderUploadDelegate.h */,
				2DBA430018DA455500366737 /* TDTextField.xib */,
				2DBA42FE18DA455500366737 /* TDTextField.h */,
				2DBA42FF18DA455500366737 /* TDTextField.m */,
			);
			name = Views;
			sourceTree = "<group>";
		};
/* End PBXGroup section */

/* Begin PBXNativeTarget section */
		A11E04D71888CB79002F981A /* Throwdown */ = {
			isa = PBXNativeTarget;
			buildConfigurationList = A11E050A1888CB79002F981A /* Build configuration list for PBXNativeTarget "Throwdown" */;
			buildPhases = (
				9549ADA91E444E6BB7CAC45D /* Check Pods Manifest.lock */,
				A11E04D41888CB79002F981A /* Sources */,
				A11E04D51888CB79002F981A /* Frameworks */,
				A11E04D61888CB79002F981A /* Resources */,
				5704A326440946FABFBA8659 /* Copy Pods Resources */,
			);
			buildRules = (
			);
			dependencies = (
			);
			name = Throwdown;
			productName = Throwdown;
			productReference = A11E04D81888CB79002F981A /* Throwdown.app */;
			productType = "com.apple.product-type.application";
		};
		A11E04F81888CB79002F981A /* ThrowdownTests */ = {
			isa = PBXNativeTarget;
			buildConfigurationList = A11E050D1888CB79002F981A /* Build configuration list for PBXNativeTarget "ThrowdownTests" */;
			buildPhases = (
				A11E04F51888CB79002F981A /* Sources */,
				A11E04F61888CB79002F981A /* Frameworks */,
				A11E04F71888CB79002F981A /* Resources */,
			);
			buildRules = (
			);
			dependencies = (
				A11E04FF1888CB79002F981A /* PBXTargetDependency */,
			);
			name = ThrowdownTests;
			productName = ThrowdownTests;
			productReference = A11E04F91888CB79002F981A /* ThrowdownTests.xctest */;
			productType = "com.apple.product-type.bundle.unit-test";
		};
/* End PBXNativeTarget section */

/* Begin PBXProject section */
		A11E04D01888CB79002F981A /* Project object */ = {
			isa = PBXProject;
			attributes = {
				CLASSPREFIX = TD;
				LastUpgradeCheck = 0500;
				ORGANIZATIONNAME = Throwdown;
				TargetAttributes = {
					A11E04D71888CB79002F981A = {
						DevelopmentTeam = 3QE2A2X49H;
					};
					A11E04F81888CB79002F981A = {
						TestTargetID = A11E04D71888CB79002F981A;
					};
				};
			};
			buildConfigurationList = A11E04D31888CB79002F981A /* Build configuration list for PBXProject "Throwdown" */;
			compatibilityVersion = "Xcode 3.2";
			developmentRegion = English;
			hasScannedForEncodings = 0;
			knownRegions = (
				en,
				Base,
			);
			mainGroup = A11E04CF1888CB79002F981A;
			productRefGroup = A11E04D91888CB79002F981A /* Products */;
			projectDirPath = "";
			projectRoot = "";
			targets = (
				A11E04D71888CB79002F981A /* Throwdown */,
				A11E04F81888CB79002F981A /* ThrowdownTests */,
			);
		};
/* End PBXProject section */

/* Begin PBXResourcesBuildPhase section */
		A11E04D61888CB79002F981A /* Resources */ = {
			isa = PBXResourcesBuildPhase;
			buildActionMask = 2147483647;
			files = (
				2DA39FD718E0B2570004A9C7 /* TDMoreComments.xib in Resources */,
				2DA5F05B18D37C70003D2F99 /* BebasNeue Book.otf in Resources */,
				A1C1D0F318A02FAB00666D2A /* TDPostView.xib in Resources */,
				2DA5F05D18D37C70003D2F99 /* BebasNeue Regular.otf in Resources */,
				A11E04F41888CB79002F981A /* Images.xcassets in Resources */,
				2DA5F05E18D37C70003D2F99 /* BebasNeue Thin.otf in Resources */,
				2DA73D7918BFCCD000D87370 /* TDLikeView.xib in Resources */,
				2DA41A5718C7D89C00B21C74 /* TDDetailViewController.xib in Resources */,
				2DA5F05418D36745003D2F99 /* ProximaNova-Semibold.otf in Resources */,
				A11E04E61888CB79002F981A /* InfoPlist.strings in Resources */,
				2DA5F05318D36745003D2F99 /* ProximaNova-Regular.otf in Resources */,
				2D3F8DF718CFC81E00333F0B /* TDTwoButtonView.xib in Resources */,
				2DBA430218DA455500366737 /* TDTextField.xib in Resources */,
				2DA5F05218D36745003D2F99 /* ProximaNova-Light.otf in Resources */,
				2D1AEE7118C937560055C315 /* TDDetailsLikesCell.xib in Resources */,
				2D648A1718C9415D002FE0AD /* TDDetailsCommentsCell.xib in Resources */,
				2DA5F05C18D37C70003D2F99 /* BebasNeue Light.otf in Resources */,
				A11E04EF1888CB79002F981A /* Main.storyboard in Resources */,
				2DA5F05A18D37C70003D2F99 /* BebasNeue Bold.otf in Resources */,
				2DA5F05118D36745003D2F99 /* ProximaNova-Bold.otf in Resources */,
			);
			runOnlyForDeploymentPostprocessing = 0;
		};
		A11E04F71888CB79002F981A /* Resources */ = {
			isa = PBXResourcesBuildPhase;
			buildActionMask = 2147483647;
			files = (
				A11E05051888CB79002F981A /* InfoPlist.strings in Resources */,
			);
			runOnlyForDeploymentPostprocessing = 0;
		};
/* End PBXResourcesBuildPhase section */

/* Begin PBXShellScriptBuildPhase section */
		5704A326440946FABFBA8659 /* Copy Pods Resources */ = {
			isa = PBXShellScriptBuildPhase;
			buildActionMask = 2147483647;
			files = (
			);
			inputPaths = (
			);
			name = "Copy Pods Resources";
			outputPaths = (
			);
			runOnlyForDeploymentPostprocessing = 0;
			shellPath = /bin/sh;
			shellScript = "\"${SRCROOT}/Pods/Pods-resources.sh\"\n";
			showEnvVarsInLog = 0;
		};
		9549ADA91E444E6BB7CAC45D /* Check Pods Manifest.lock */ = {
			isa = PBXShellScriptBuildPhase;
			buildActionMask = 2147483647;
			files = (
			);
			inputPaths = (
			);
			name = "Check Pods Manifest.lock";
			outputPaths = (
			);
			runOnlyForDeploymentPostprocessing = 0;
			shellPath = /bin/sh;
			shellScript = "diff \"${PODS_ROOT}/../Podfile.lock\" \"${PODS_ROOT}/Manifest.lock\" > /dev/null\nif [[ $? != 0 ]] ; then\n    cat << EOM\nerror: The sandbox is not in sync with the Podfile.lock. Run 'pod install' or update your CocoaPods installation.\nEOM\n    exit 1\nfi\n";
			showEnvVarsInLog = 0;
		};
/* End PBXShellScriptBuildPhase section */

/* Begin PBXSourcesBuildPhase section */
		A11E04D41888CB79002F981A /* Sources */ = {
			isa = PBXSourcesBuildPhase;
			buildActionMask = 2147483647;
			files = (
				A19FF61018970BBB001A0AD0 /* RSModel.m in Sources */,
				A19FF61118970BBB001A0AD0 /* RSStorageObject.m in Sources */,
				A1F02FD418C92277002FEB2F /* TDPostUpload.m in Sources */,
				A151958B18BAE8FD0050A45B /* TDUser.m in Sources */,
				2DA39FD618E0B2570004A9C7 /* TDMoreComments.m in Sources */,
				2D5714CC18BD9AB300AF0B4D /* VideoButtonSegue.m in Sources */,
				A19FF60F18970BBB001A0AD0 /* RSContainer.m in Sources */,
				2DA41A5618C7D89C00B21C74 /* TDDetailViewController.m in Sources */,
				A11999DD18DC0D4200C39ABF /* TDFileSystemHelper.m in Sources */,
				2D2E832E18CA579B00846B2E /* TDComment.m in Sources */,
				A19FF60D18970BBB001A0AD0 /* RSCDNContainer.m in Sources */,
				2DA41A5A18C7E31000B21C74 /* TDTypingView.m in Sources */,
				A1BC0B3F18BE825200F507B3 /* TDSlideLeftSegue.m in Sources */,
				2D00148B18CFB57C0070DE16 /* TDTwoButtonView.m in Sources */,
				A14B2B7F18B5308000980A31 /* TDAPIClient.m in Sources */,
				A182D839188F2C2D00F794A5 /* TDHomeViewController.m in Sources */,
				2DBA430118DA455500366737 /* TDTextField.m in Sources */,
				A180D4E518C33D26003B9378 /* TDUnwindSlideLeftSegue.m in Sources */,
				A1432D2018AA02990073E492 /* TDViewControllerHelper.m in Sources */,
				A11999D618D90D5200C39ABF /* TDShareVideoViewController.m in Sources */,
				A19FF5E718932868001A0AD0 /* TDUserAPI.m in Sources */,
				2D648A1618C9415D002FE0AD /* TDDetailsCommentsCell.m in Sources */,
				A11999DA18D929E200C39ABF /* UIPlaceHolderTextView.m in Sources */,
				2DA73D7718BFCC2E00D87370 /* TDLikeView.m in Sources */,
				2DA41A6018C7E49D00B21C74 /* HPGrowingTextView.m in Sources */,
				A11E04F21888CB79002F981A /* TDRecordVideoViewController.m in Sources */,
				A11E04EC1888CB79002F981A /* TDAppDelegate.m in Sources */,
				2D1AEE7018C937560055C315 /* TDDetailsLikesCell.m in Sources */,
				A1C1D0F618A0387B00666D2A /* TDPostView.m in Sources */,
				A19FF60E18970BBB001A0AD0 /* RSClient.m in Sources */,
				A182D833188B60CD00F794A5 /* SAVideoRangeSlider.m in Sources */,
				A182D832188B60CD00F794A5 /* SASliderRight.m in Sources */,
				A150F08A18A31B14009A72AD /* TDConstants.m in Sources */,
				A14B2B8818B8351E00980A31 /* TDCurrentUser.m in Sources */,
				A182D830188B60CD00F794A5 /* SAResizibleBubble.m in Sources */,
				A182D8261889E8D900F794A5 /* TDEditVideoViewController.m in Sources */,
				A11E04E81888CB79002F981A /* main.m in Sources */,
				A19FF5E41891FEEF001A0AD0 /* TDPost.m in Sources */,
				A1432CE418A99DA40073E492 /* TDSignupStepOneViewController.m in Sources */,
				A17567901891C7F20034AD05 /* TDPostAPI.m in Sources */,
				A182D831188B60CD00F794A5 /* SASliderLeft.m in Sources */,
				2DA41A6118C7E49D00B21C74 /* HPTextViewInternal.m in Sources */,
				A1B9002E18CC316800012A1F /* TDHomeHeaderView.m in Sources */,
				2D5714CD18BD9AB300AF0B4D /* VideoCloseSegue.m in Sources */,
				A1E90CDD18B445FC0046D281 /* TDSignupStepTwoViewController.m in Sources */,
				A1432CE718A99DB30073E492 /* TDLoginViewController.m in Sources */,
				A1432CE118A99D750073E492 /* TDWelcomeViewController.m in Sources */,
				A1C2481418C7D4B000F187D9 /* URLConnection.m in Sources */,
				A180D4DF18C14EA7003B9378 /* TDNavigationController.m in Sources */,
				A1C2481118C6B9CA00F187D9 /* TDProgressIndicator.m in Sources */,
			);
			runOnlyForDeploymentPostprocessing = 0;
		};
		A11E04F51888CB79002F981A /* Sources */ = {
			isa = PBXSourcesBuildPhase;
			buildActionMask = 2147483647;
			files = (
				A11E05071888CB79002F981A /* ThrowdownTests.m in Sources */,
				A182D83A188F2C2D00F794A5 /* TDHomeViewController.m in Sources */,
			);
			runOnlyForDeploymentPostprocessing = 0;
		};
/* End PBXSourcesBuildPhase section */

/* Begin PBXTargetDependency section */
		A11E04FF1888CB79002F981A /* PBXTargetDependency */ = {
			isa = PBXTargetDependency;
			target = A11E04D71888CB79002F981A /* Throwdown */;
			targetProxy = A11E04FE1888CB79002F981A /* PBXContainerItemProxy */;
		};
/* End PBXTargetDependency section */

/* Begin PBXVariantGroup section */
		A11E04E41888CB79002F981A /* InfoPlist.strings */ = {
			isa = PBXVariantGroup;
			children = (
				A11E04E51888CB79002F981A /* en */,
			);
			name = InfoPlist.strings;
			sourceTree = "<group>";
		};
		A11E04ED1888CB79002F981A /* Main.storyboard */ = {
			isa = PBXVariantGroup;
			children = (
				A11E04EE1888CB79002F981A /* Base */,
			);
			name = Main.storyboard;
			sourceTree = "<group>";
		};
		A11E05031888CB79002F981A /* InfoPlist.strings */ = {
			isa = PBXVariantGroup;
			children = (
				A11E05041888CB79002F981A /* en */,
			);
			name = InfoPlist.strings;
			sourceTree = "<group>";
		};
/* End PBXVariantGroup section */

/* Begin XCBuildConfiguration section */
		A11E05081888CB79002F981A /* Debug */ = {
			isa = XCBuildConfiguration;
			buildSettings = {
				ALWAYS_SEARCH_USER_PATHS = NO;
				ARCHS = "$(ARCHS_STANDARD_INCLUDING_64_BIT)";
				CLANG_CXX_LANGUAGE_STANDARD = "gnu++0x";
				CLANG_CXX_LIBRARY = "libc++";
				CLANG_ENABLE_MODULES = YES;
				CLANG_ENABLE_OBJC_ARC = YES;
				CLANG_WARN_BOOL_CONVERSION = YES;
				CLANG_WARN_CONSTANT_CONVERSION = YES;
				CLANG_WARN_DIRECT_OBJC_ISA_USAGE = YES_ERROR;
				CLANG_WARN_EMPTY_BODY = YES;
				CLANG_WARN_ENUM_CONVERSION = YES;
				CLANG_WARN_INT_CONVERSION = YES;
				CLANG_WARN_OBJC_ROOT_CLASS = YES_ERROR;
				CLANG_WARN__DUPLICATE_METHOD_MATCH = YES;
				"CODE_SIGN_IDENTITY[sdk=iphoneos*]" = "iPhone Developer";
				COPY_PHASE_STRIP = NO;
				GCC_C_LANGUAGE_STANDARD = gnu99;
				GCC_DYNAMIC_NO_PIC = NO;
				GCC_OPTIMIZATION_LEVEL = 0;
				GCC_PREPROCESSOR_DEFINITIONS = (
					"DEBUG=1",
					"$(inherited)",
				);
				GCC_SYMBOLS_PRIVATE_EXTERN = NO;
				GCC_WARN_64_TO_32_BIT_CONVERSION = YES;
				GCC_WARN_ABOUT_RETURN_TYPE = YES_ERROR;
				GCC_WARN_UNDECLARED_SELECTOR = YES;
				GCC_WARN_UNINITIALIZED_AUTOS = YES;
				GCC_WARN_UNUSED_FUNCTION = YES;
				GCC_WARN_UNUSED_VARIABLE = YES;
				IPHONEOS_DEPLOYMENT_TARGET = 6.0;
				ONLY_ACTIVE_ARCH = YES;
				SDKROOT = iphoneos;
			};
			name = Debug;
		};
		A11E05091888CB79002F981A /* Release */ = {
			isa = XCBuildConfiguration;
			buildSettings = {
				ALWAYS_SEARCH_USER_PATHS = NO;
				ARCHS = "$(ARCHS_STANDARD_INCLUDING_64_BIT)";
				CLANG_CXX_LANGUAGE_STANDARD = "gnu++0x";
				CLANG_CXX_LIBRARY = "libc++";
				CLANG_ENABLE_MODULES = YES;
				CLANG_ENABLE_OBJC_ARC = YES;
				CLANG_WARN_BOOL_CONVERSION = YES;
				CLANG_WARN_CONSTANT_CONVERSION = YES;
				CLANG_WARN_DIRECT_OBJC_ISA_USAGE = YES_ERROR;
				CLANG_WARN_EMPTY_BODY = YES;
				CLANG_WARN_ENUM_CONVERSION = YES;
				CLANG_WARN_INT_CONVERSION = YES;
				CLANG_WARN_OBJC_ROOT_CLASS = YES_ERROR;
				CLANG_WARN__DUPLICATE_METHOD_MATCH = YES;
				"CODE_SIGN_IDENTITY[sdk=iphoneos*]" = "iPhone Developer";
				COPY_PHASE_STRIP = YES;
				ENABLE_NS_ASSERTIONS = NO;
				GCC_C_LANGUAGE_STANDARD = gnu99;
				GCC_WARN_64_TO_32_BIT_CONVERSION = YES;
				GCC_WARN_ABOUT_RETURN_TYPE = YES_ERROR;
				GCC_WARN_UNDECLARED_SELECTOR = YES;
				GCC_WARN_UNINITIALIZED_AUTOS = YES;
				GCC_WARN_UNUSED_FUNCTION = YES;
				GCC_WARN_UNUSED_VARIABLE = YES;
				IPHONEOS_DEPLOYMENT_TARGET = 6.0;
				SDKROOT = iphoneos;
				VALIDATE_PRODUCT = YES;
			};
			name = Release;
		};
		A11E050B1888CB79002F981A /* Debug */ = {
			isa = XCBuildConfiguration;
			baseConfigurationReference = BC8AD58EF48B41289E5CE49E /* Pods.xcconfig */;
			buildSettings = {
				ASSETCATALOG_COMPILER_APPICON_NAME = AppIcon;
				ASSETCATALOG_COMPILER_LAUNCHIMAGE_NAME = LaunchImage;
				BUNDLE_DISPLAY_NAME_SUFFIX = "-α";
				BUNDLE_ID_SUFFIX = .dev;
				CODE_SIGN_IDENTITY = "iPhone Developer";
				GCC_PRECOMPILE_PREFIX_HEADER = YES;
				GCC_PREFIX_HEADER = "Throwdown/Throwdown-Prefix.pch";
				INFOPLIST_FILE = "Throwdown/Throwdown-Info.plist";
				IPHONEOS_DEPLOYMENT_TARGET = 6.0;
				PRODUCT_NAME = "$(TARGET_NAME)";
				SCHEME_SUFFIX = "-development";
				TARGETED_DEVICE_FAMILY = 1;
				WRAPPER_EXTENSION = app;
			};
			name = Debug;
		};
		A11E050C1888CB79002F981A /* Release */ = {
			isa = XCBuildConfiguration;
			baseConfigurationReference = BC8AD58EF48B41289E5CE49E /* Pods.xcconfig */;
			buildSettings = {
				ASSETCATALOG_COMPILER_APPICON_NAME = AppIcon;
				ASSETCATALOG_COMPILER_LAUNCHIMAGE_NAME = LaunchImage;
				BUNDLE_DISPLAY_NAME_SUFFIX = "";
				BUNDLE_ID_SUFFIX = "";
				CODE_SIGN_IDENTITY = "iPhone Distribution";
				GCC_PRECOMPILE_PREFIX_HEADER = YES;
				GCC_PREFIX_HEADER = "Throwdown/Throwdown-Prefix.pch";
				INFOPLIST_FILE = "Throwdown/Throwdown-Info.plist";
				IPHONEOS_DEPLOYMENT_TARGET = 6.0;
				PRODUCT_NAME = "$(TARGET_NAME)";
				SCHEME_SUFFIX = "";
				TARGETED_DEVICE_FAMILY = 1;
				WRAPPER_EXTENSION = app;
			};
			name = Release;
		};
		A11E050E1888CB79002F981A /* Debug */ = {
			isa = XCBuildConfiguration;
			buildSettings = {
				ARCHS = "$(ARCHS_STANDARD_INCLUDING_64_BIT)";
				BUNDLE_LOADER = "$(BUILT_PRODUCTS_DIR)/Throwdown.app/Throwdown";
				FRAMEWORK_SEARCH_PATHS = (
					"$(SDKROOT)/Developer/Library/Frameworks",
					"$(inherited)",
					"$(DEVELOPER_FRAMEWORKS_DIR)",
				);
				GCC_PRECOMPILE_PREFIX_HEADER = YES;
				GCC_PREFIX_HEADER = "Throwdown/Throwdown-Prefix.pch";
				GCC_PREPROCESSOR_DEFINITIONS = (
					"DEBUG=1",
					"$(inherited)",
				);
				INFOPLIST_FILE = "ThrowdownTests/ThrowdownTests-Info.plist";
				PRODUCT_NAME = "$(TARGET_NAME)";
				TEST_HOST = "$(BUNDLE_LOADER)";
				WRAPPER_EXTENSION = xctest;
			};
			name = Debug;
		};
		A11E050F1888CB79002F981A /* Release */ = {
			isa = XCBuildConfiguration;
			buildSettings = {
				ARCHS = "$(ARCHS_STANDARD_INCLUDING_64_BIT)";
				BUNDLE_LOADER = "$(BUILT_PRODUCTS_DIR)/Throwdown.app/Throwdown";
				FRAMEWORK_SEARCH_PATHS = (
					"$(SDKROOT)/Developer/Library/Frameworks",
					"$(inherited)",
					"$(DEVELOPER_FRAMEWORKS_DIR)",
				);
				GCC_PRECOMPILE_PREFIX_HEADER = YES;
				GCC_PREFIX_HEADER = "Throwdown/Throwdown-Prefix.pch";
				INFOPLIST_FILE = "ThrowdownTests/ThrowdownTests-Info.plist";
				PRODUCT_NAME = "$(TARGET_NAME)";
				TEST_HOST = "$(BUNDLE_LOADER)";
				WRAPPER_EXTENSION = xctest;
			};
			name = Release;
		};
		A150F08B18A327F2009A72AD /* Staging */ = {
			isa = XCBuildConfiguration;
			buildSettings = {
				ALWAYS_SEARCH_USER_PATHS = NO;
				ARCHS = "$(ARCHS_STANDARD_INCLUDING_64_BIT)";
				CLANG_CXX_LANGUAGE_STANDARD = "gnu++0x";
				CLANG_CXX_LIBRARY = "libc++";
				CLANG_ENABLE_MODULES = YES;
				CLANG_ENABLE_OBJC_ARC = YES;
				CLANG_WARN_BOOL_CONVERSION = YES;
				CLANG_WARN_CONSTANT_CONVERSION = YES;
				CLANG_WARN_DIRECT_OBJC_ISA_USAGE = YES_ERROR;
				CLANG_WARN_EMPTY_BODY = YES;
				CLANG_WARN_ENUM_CONVERSION = YES;
				CLANG_WARN_INT_CONVERSION = YES;
				CLANG_WARN_OBJC_ROOT_CLASS = YES_ERROR;
				CLANG_WARN__DUPLICATE_METHOD_MATCH = YES;
				"CODE_SIGN_IDENTITY[sdk=iphoneos*]" = "iPhone Distribution: CA Systems (3QE2A2X49H)";
				COPY_PHASE_STRIP = YES;
				ENABLE_NS_ASSERTIONS = NO;
				GCC_C_LANGUAGE_STANDARD = gnu99;
				GCC_PREPROCESSOR_DEFINITIONS = "STAGING=1";
				GCC_WARN_64_TO_32_BIT_CONVERSION = YES;
				GCC_WARN_ABOUT_RETURN_TYPE = YES_ERROR;
				GCC_WARN_UNDECLARED_SELECTOR = YES;
				GCC_WARN_UNINITIALIZED_AUTOS = YES;
				GCC_WARN_UNUSED_FUNCTION = YES;
				GCC_WARN_UNUSED_VARIABLE = YES;
				IPHONEOS_DEPLOYMENT_TARGET = 6.0;
				PROVISIONING_PROFILE = "2C527582-9AF0-4036-B14E-CD471E5EB85D";
				SDKROOT = iphoneos;
				VALIDATE_PRODUCT = YES;
			};
			name = Staging;
		};
		A150F08C18A327F2009A72AD /* Staging */ = {
			isa = XCBuildConfiguration;
			baseConfigurationReference = BC8AD58EF48B41289E5CE49E /* Pods.xcconfig */;
			buildSettings = {
				ASSETCATALOG_COMPILER_APPICON_NAME = AppIcon;
				ASSETCATALOG_COMPILER_LAUNCHIMAGE_NAME = LaunchImage;
				BUNDLE_DISPLAY_NAME_SUFFIX = "-ß";
				BUNDLE_ID_SUFFIX = .staging;
				CODE_SIGN_IDENTITY = "iPhone Distribution";
				GCC_PRECOMPILE_PREFIX_HEADER = YES;
				GCC_PREFIX_HEADER = "Throwdown/Throwdown-Prefix.pch";
				INFOPLIST_FILE = "Throwdown/Throwdown-Info.plist";
				IPHONEOS_DEPLOYMENT_TARGET = 6.0;
				PRODUCT_NAME = "$(TARGET_NAME)";
				PROVISIONING_PROFILE = "2C527582-9AF0-4036-B14E-CD471E5EB85D";
				SCHEME_SUFFIX = "-staging";
				TARGETED_DEVICE_FAMILY = 1;
				WRAPPER_EXTENSION = app;
			};
			name = Staging;
		};
		A150F08D18A327F2009A72AD /* Staging */ = {
			isa = XCBuildConfiguration;
			buildSettings = {
				ARCHS = "$(ARCHS_STANDARD_INCLUDING_64_BIT)";
				BUNDLE_LOADER = "$(BUILT_PRODUCTS_DIR)/Throwdown.app/Throwdown";
				FRAMEWORK_SEARCH_PATHS = (
					"$(SDKROOT)/Developer/Library/Frameworks",
					"$(inherited)",
					"$(DEVELOPER_FRAMEWORKS_DIR)",
				);
				GCC_PRECOMPILE_PREFIX_HEADER = YES;
				GCC_PREFIX_HEADER = "Throwdown/Throwdown-Prefix.pch";
				INFOPLIST_FILE = "ThrowdownTests/ThrowdownTests-Info.plist";
				PRODUCT_NAME = "$(TARGET_NAME)";
				TEST_HOST = "$(BUNDLE_LOADER)";
				WRAPPER_EXTENSION = xctest;
			};
			name = Staging;
		};
/* End XCBuildConfiguration section */

/* Begin XCConfigurationList section */
		A11E04D31888CB79002F981A /* Build configuration list for PBXProject "Throwdown" */ = {
			isa = XCConfigurationList;
			buildConfigurations = (
				A11E05081888CB79002F981A /* Debug */,
				A11E05091888CB79002F981A /* Release */,
				A150F08B18A327F2009A72AD /* Staging */,
			);
			defaultConfigurationIsVisible = 0;
			defaultConfigurationName = Release;
		};
		A11E050A1888CB79002F981A /* Build configuration list for PBXNativeTarget "Throwdown" */ = {
			isa = XCConfigurationList;
			buildConfigurations = (
				A11E050B1888CB79002F981A /* Debug */,
				A11E050C1888CB79002F981A /* Release */,
				A150F08C18A327F2009A72AD /* Staging */,
			);
			defaultConfigurationIsVisible = 0;
			defaultConfigurationName = Release;
		};
		A11E050D1888CB79002F981A /* Build configuration list for PBXNativeTarget "ThrowdownTests" */ = {
			isa = XCConfigurationList;
			buildConfigurations = (
				A11E050E1888CB79002F981A /* Debug */,
				A11E050F1888CB79002F981A /* Release */,
				A150F08D18A327F2009A72AD /* Staging */,
			);
			defaultConfigurationIsVisible = 0;
			defaultConfigurationName = Release;
		};
/* End XCConfigurationList section */
	};
	rootObject = A11E04D01888CB79002F981A /* Project object */;
}
